# This file was autogenerated by Stack.
# You should not edit this file by hand.
# For more information, please see the documentation at:
#   https://docs.haskellstack.org/en/stable/lock_files

packages:
- completed:
    hackage: bimap-0.5.0@sha256:aba506d02a1c93fc2b50dcbe728d2a4d07cca89b7033945418061a0b08576ebd,1889
    pantry-tree:
      size: 470
      sha256: 285f5e86640f4bef3b7a60991defb8dd4b3714f8c294495d1136da182c1315a3
  original:
    hackage: bimap-0.5.0@sha256:aba506d02a1c93fc2b50dcbe728d2a4d07cca89b7033945418061a0b08576ebd,1889
- completed:
    hackage: bitwise-1.0.0.1@sha256:04c0e0c65a9228d9e004b5c4b08633b2f0e915afe8f3affc9bd16f75f92ccf61,3110
    pantry-tree:
      size: 760
      sha256: fe95409d2e77769965df68eade44e6eb5fcc63643a94e2645cd5db357670b20f
  original:
    hackage: bitwise-1.0.0.1@sha256:04c0e0c65a9228d9e004b5c4b08633b2f0e915afe8f3affc9bd16f75f92ccf61,3110
- completed:
    hackage: bv-sized-1.0.4@sha256:ddb32f807240f79e89bd85d9de16d663cb328d981015523bdf0d88d84e332d4f,2099
    pantry-tree:
      size: 709
      sha256: c0cdef891a5df697cb04b3afa6c47e23c1f54c5e6344d11a6ba66adce13b2784
  original:
    hackage: bv-sized-1.0.4@sha256:ddb32f807240f79e89bd85d9de16d663cb328d981015523bdf0d88d84e332d4f,2099
- completed:
    hackage: config-value-0.8.2.1@sha256:50f357b4183db6ed190a8ee8fd3cc78db287c2f0b681cfd9e632474aad85e8d7,1907
    pantry-tree:
      size: 1034
      sha256: a61e35f376635d2ce639fb1474b683970ff3e568813bb5cb3e76379d21721092
  original:
    hackage: config-value-0.8.2.1@sha256:50f357b4183db6ed190a8ee8fd3cc78db287c2f0b681cfd9e632474aad85e8d7,1907
- completed:
    hackage: language-c99-0.2.0@sha256:660689db3191edf6164b6e1a00f700bd8d3ebc46dde87c26ad975fd0edbb9953,1587
    pantry-tree:
      size: 399
      sha256: 2cd4138363d171c8d1d5995e4fe6022adc1c940874bcca5b07b129af923d33e8
  original:
    hackage: language-c99-0.2.0@sha256:660689db3191edf6164b6e1a00f700bd8d3ebc46dde87c26ad975fd0edbb9953,1587
- completed:
    hackage: language-c99-simple-0.2.1@sha256:0313449203ed07cbaefa541447a10d8c013c49b660ae1dd3555d41405b7376fc,1540
    pantry-tree:
      size: 574
      sha256: d83c79bbed795701c3547ffe47a1872430f695ef2da17f2fbbf25217ee891578
  original:
    hackage: language-c99-simple-0.2.1@sha256:0313449203ed07cbaefa541447a10d8c013c49b660ae1dd3555d41405b7376fc,1540
- completed:
    hackage: language-c99-util-0.2.0@sha256:a46f27692e8d56645a4c9cc6faf530346d35f17002cede64372f025b8d3a57cf,1230
    pantry-tree:
      size: 489
      sha256: 14e0c8c5cf3ee252551efacbc551e5f8c8bab413481c17bc7b85f4dafe478c1d
  original:
    hackage: language-c99-util-0.2.0@sha256:a46f27692e8d56645a4c9cc6faf530346d35f17002cede64372f025b8d3a57cf,1230
- completed:
    hackage: panic-0.4.0.1@sha256:fb46577c9e0ca38c37960572f958a8469f2b577e963ed4f3ea1904d8400d828b,702
    pantry-tree:
      size: 252
      sha256: 2f4a32588a5935a4d58ee50ae2b83cd5be25b1a1b814dbd2c6a9451248c32b4a
  original:
    hackage: panic-0.4.0.1@sha256:fb46577c9e0ca38c37960572f958a8469f2b577e963ed4f3ea1904d8400d828b,702
- completed:
    hackage: parameterized-utils-2.1.5.0@sha256:9afa78ad40442118b11959c9c21f50423dc3be002d58d85a17a8969fbd4f0356,4406
    pantry-tree:
      size: 3292
      sha256: 4ed2f5f1f83e738b0c617c2385a6cabc2a63d8f42801fcb5bc12e415a5c10cd3
  original:
    hackage: parameterized-utils-2.1.5.0@sha256:9afa78ad40442118b11959c9c21f50423dc3be002d58d85a17a8969fbd4f0356,4406
- completed:
    hackage: what4-1.3@sha256:cc0b7a8ca310f1bfa41d5a8cee6c53529707955c7a70000f016819e04004f30f,9183
    pantry-tree:
      size: 9148
      sha256: cde019753623687e77f2b9d8e9555627b7d30555ac5641c170ce9d738df4e60c
  original:
    hackage: what4-1.3@sha256:cc0b7a8ca310f1bfa41d5a8cee6c53529707955c7a70000f016819e04004f30f,9183
- completed:
    hackage: zenc-0.1.2@sha256:2b32c40a3c11f07f466604526aacad2a535309da11b203334dbf586333c13534,1350
    pantry-tree:
      size: 302
      sha256: e33b84b5528779e4d5c0887b88ebdb0290902ba4367ed786dfc366b29d485d81
  original:
    hackage: zenc-0.1.2@sha256:2b32c40a3c11f07f466604526aacad2a535309da11b203334dbf586333c13534,1350
snapshots:
- completed:
    size: 590100
    url: https://raw.githubusercontent.com/commercialhaskell/stackage-snapshots/master/lts/18/28.yaml
    sha256: 428ec8d5ce932190d3cbe266b9eb3c175cd81e984babf876b64019e2cbe4ea68
  original: lts-18.28
